
Microsoft Visual Studio Solution File, Format Version 12.00
# Visual Studio Version 16
VisualStudioVersion = 16.0.29418.71
MinimumVisualStudioVersion = 10.0.40219.1
Project("{FAE04EC0-301F-11D3-BF4B-00C04F79EFBC}") = "AdventOfCode.Program", "AdventOfCode.Program\AdventOfCode.Program.csproj", "{8F65DB3D-BBEB-4A11-94BB-1C640C950D72}"
EndProject
Project("{FAE04EC0-301F-11D3-BF4B-00C04F79EFBC}") = "AdventOfCode.Domain", "AdventOfCode.Domain\AdventOfCode.Domain.csproj", "{063E5925-0A19-42F5-8927-127364BE48B7}"
EndProject
Project("{FAE04EC0-301F-11D3-BF4B-00C04F79EFBC}") = "AdventOfCode.2019", "AdventOfCode.2019\AdventOfCode.2019.csproj", "{A2C80CF3-39C1-4DD7-8DC1-B644C06C2599}"
EndProject
Global
	GlobalSection(SolutionConfigurationPlatforms) = preSolution
		Debug|Any CPU = Debug|Any CPU
		Release|Any CPU = Release|Any CPU
	EndGlobalSection
	GlobalSection(ProjectConfigurationPlatforms) = postSolution
		{8F65DB3D-BBEB-4A11-94BB-1C640C950D72}.Debug|Any CPU.ActiveCfg = Debug|Any CPU
		{8F65DB3D-BBEB-4A11-94BB-1C640C950D72}.Debug|Any CPU.Build.0 = Debug|Any CPU
		{8F65DB3D-BBEB-4A11-94BB-1C640C950D72}.Release|Any CPU.ActiveCfg = Release|Any CPU
		{8F65DB3D-BBEB-4A11-94BB-1C640C950D72}.Release|Any CPU.Build.0 = Release|Any CPU
		{063E5925-0A19-42F5-8927-127364BE48B7}.Debug|Any CPU.ActiveCfg = Debug|Any CPU
		{063E5925-0A19-42F5-8927-127364BE48B7}.Debug|Any CPU.Build.0 = Debug|Any CPU
		{063E5925-0A19-42F5-8927-127364BE48B7}.Release|Any CPU.ActiveCfg = Release|Any CPU
		{063E5925-0A19-42F5-8927-127364BE48B7}.Release|Any CPU.Build.0 = Release|Any CPU
		{A2C80CF3-39C1-4DD7-8DC1-B644C06C2599}.Debug|Any CPU.ActiveCfg = Debug|Any CPU
		{A2C80CF3-39C1-4DD7-8DC1-B644C06C2599}.Debug|Any CPU.Build.0 = Debug|Any CPU
		{A2C80CF3-39C1-4DD7-8DC1-B644C06C2599}.Release|Any CPU.ActiveCfg = Release|Any CPU
		{A2C80CF3-39C1-4DD7-8DC1-B644C06C2599}.Release|Any CPU.Build.0 = Release|Any CPU
	EndGlobalSection
	GlobalSection(SolutionProperties) = preSolution
		HideSolutionNode = FALSE
	EndGlobalSection
	GlobalSection(ExtensibilityGlobals) = postSolution
		SolutionGuid = {B4FECC3D-5343-47A2-8BAB-20CF3D8437AA}
	EndGlobalSection
EndGlobal
